
Microsoft Visual Studio Solution File, Format Version 12.00
# Visual Studio 14
VisualStudioVersion = 14.0.25420.1
MinimumVisualStudioVersion = 10.0.40219.1
Project("{FAE04EC0-301F-11D3-BF4B-00C04F79EFBC}") = "LoveShore", "LoveShore\LoveShore.csproj", "{9147D3B0-9990-458F-9A28-16674CFC636E}"
EndProject
Global
	GlobalSection(SolutionConfigurationPlatforms) = preSolution
		Debug|Any CPU = Debug|Any CPU
		Release|Any CPU = Release|Any CPU
	EndGlobalSection
	GlobalSection(ProjectConfigurationPlatforms) = postSolution
		{9147D3B0-9990-458F-9A28-16674CFC636E}.Debug|Any CPU.ActiveCfg = Debug|Any CPU
		{9147D3B0-9990-458F-9A28-16674CFC636E}.Debug|Any CPU.Build.0 = Debug|Any CPU
		{9147D3B0-9990-458F-9A28-16674CFC636E}.Release|Any CPU.ActiveCfg = Release|Any CPU
		{9147D3B0-9990-458F-9A28-16674CFC636E}.Release|Any CPU.Build.0 = Release|Any CPU
	EndGlobalSection
	GlobalSection(SolutionProperties) = preSolution
		HideSolutionNode = FALSE
	EndGlobalSection
EndGlobal
